{
    "_readme": [
        "This file locks the dependencies of your project to a known state",
        "Read more about it at https://getcomposer.org/doc/01-basic-usage.md#composer-lock-the-lock-file",
        "This file is @generated automatically"
    ],
    "hash": "d0bde4693e4cf4b9988f5aa079289f4e",
    "content-hash": "c7eaafc54b07a0f9d4fd11f2c1e52b33",
    "packages": [
        {
            "name": "seregazhuk/pinterest-bot",
            "version": "5.2.3",
            "source": {
                "type": "git",
                "url": "https://github.com/seregazhuk/php-pinterest-bot.git",
                "reference": "ec78343daf03dea5755a3b56dff86770b737e9c3"
            },
            "dist": {
                "type": "zip",
                "url": "https://api.github.com/repos/seregazhuk/php-pinterest-bot/zipball/ec78343daf03dea5755a3b56dff86770b737e9c3",
                "reference": "ec78343daf03dea5755a3b56dff86770b737e9c3",
                "shasum": ""
            },
            "require": {
                "ext-curl": "*",
                "php": ">=5.5.9"
            },
            "require-dev": {
                "codeclimate/php-test-reporter": "dev-master",
                "mockery/mockery": "~0.9",
                "phpunit/phpunit": "~4.0"
            },
            "type": "package",
            "autoload": {
                "psr-4": {
                    "seregazhuk\\PinterestBot\\": "src"
                }
            },
            "notification-url": "https://packagist.org/downloads/",
            "license": [
                "Mit"
            ],
            "authors": [
                {
                    "name": "Serega Zhuk",
                    "email": "seregazhuk88@gmail.com",
                    "role": "Developer"
                }
            ],
            "description": "PHP library for Pintrest",
            "keywords": [
                "lib",
                "php",
                "pinterest"
            ],
            "time": "2017-01-24 06:41:32"
        }
    ],
    "packages-dev": [],
    "aliases": [],
    "minimum-stability": "stable",
    "stability-flags": [],
    "prefer-stable": false,
    "prefer-lowest": false,
    "platform": [],
    "platform-dev": []
}
